
Microsoft Visual Studio Solution File, Format Version 12.00
# Visual Studio Version 17
VisualStudioVersion = 17.9.34728.123
MinimumVisualStudioVersion = 10.0.40219.1
Project("{9A19103F-16F7-4668-BE54-9A1E7A4F7556}") = "ChallengeSIA.API", "ChallengeSIA.API\ChallengeSIA.API.csproj", "{E9DEDD69-19A3-4521-9E05-401AA9EA00B6}"
EndProject
Project("{9A19103F-16F7-4668-BE54-9A1E7A4F7556}") = "ChallengeSIA.Server", "ChallengeSIA.Server\ChallengeSIA.Server.csproj", "{9497FC61-53A0-4737-A3FC-EAFE8EF53F3F}"
EndProject
Project("{FAE04EC0-301F-11D3-BF4B-00C04F79EFBC}") = "DataAccess", "DataAccess\DataAccess.csproj", "{68B337BE-28EA-4240-99B6-2575DC6AD953}"
EndProject
Global
	GlobalSection(SolutionConfigurationPlatforms) = preSolution
		Debug|Any CPU = Debug|Any CPU
		Release|Any CPU = Release|Any CPU
	EndGlobalSection
	GlobalSection(ProjectConfigurationPlatforms) = postSolution
		{E9DEDD69-19A3-4521-9E05-401AA9EA00B6}.Debug|Any CPU.ActiveCfg = Debug|Any CPU
		{E9DEDD69-19A3-4521-9E05-401AA9EA00B6}.Debug|Any CPU.Build.0 = Debug|Any CPU
		{E9DEDD69-19A3-4521-9E05-401AA9EA00B6}.Release|Any CPU.ActiveCfg = Release|Any CPU
		{E9DEDD69-19A3-4521-9E05-401AA9EA00B6}.Release|Any CPU.Build.0 = Release|Any CPU
		{9497FC61-53A0-4737-A3FC-EAFE8EF53F3F}.Debug|Any CPU.ActiveCfg = Debug|Any CPU
		{9497FC61-53A0-4737-A3FC-EAFE8EF53F3F}.Debug|Any CPU.Build.0 = Debug|Any CPU
		{9497FC61-53A0-4737-A3FC-EAFE8EF53F3F}.Release|Any CPU.ActiveCfg = Release|Any CPU
		{9497FC61-53A0-4737-A3FC-EAFE8EF53F3F}.Release|Any CPU.Build.0 = Release|Any CPU
		{68B337BE-28EA-4240-99B6-2575DC6AD953}.Debug|Any CPU.ActiveCfg = Debug|Any CPU
		{68B337BE-28EA-4240-99B6-2575DC6AD953}.Debug|Any CPU.Build.0 = Debug|Any CPU
		{68B337BE-28EA-4240-99B6-2575DC6AD953}.Release|Any CPU.ActiveCfg = Release|Any CPU
		{68B337BE-28EA-4240-99B6-2575DC6AD953}.Release|Any CPU.Build.0 = Release|Any CPU
	EndGlobalSection
	GlobalSection(SolutionProperties) = preSolution
		HideSolutionNode = FALSE
	EndGlobalSection
	GlobalSection(ExtensibilityGlobals) = postSolution
		SolutionGuid = {D0995226-2D21-4AC3-8CCC-6EA2CCC12B60}
	EndGlobalSection
EndGlobal
